
Microsoft Visual Studio Solution File, Format Version 12.00
# Visual Studio Version 16
VisualStudioVersion = 16.0.29503.13
MinimumVisualStudioVersion = 10.0.40219.1
Project("{9A19103F-16F7-4668-BE54-9A1E7A4F7556}") = "SkiaSharpFormsDemos", "Demos\SkiaSharpFormsDemos\SkiaSharpFormsDemos.csproj", "{D6159062-AB0B-4A61-A2B2-B6963C1CD300}"
EndProject
Project("{FAE04EC0-301F-11D3-BF4B-00C04F79EFBC}") = "SkiaSharpFormsDemos.Droid", "Demos\SkiaSharpFormsDemos.Droid\SkiaSharpFormsDemos.Droid.csproj", "{4FEC4CE6-E631-4DB6-95F8-C31E0D140CC9}"
EndProject
Project("{FAE04EC0-301F-11D3-BF4B-00C04F79EFBC}") = "SkiaSharpFormsDemos.iOS", "Demos\SkiaSharpFormsDemos.iOS\SkiaSharpFormsDemos.iOS.csproj", "{DC1C9D66-B397-48BF-B12B-8B5C3CCE531E}"
EndProject
Project("{9A19103F-16F7-4668-BE54-9A1E7A4F7556}") = "HtmlRenderer.NetStandard2", "Demos\HtmlRenderer.NetStandard2\HtmlRenderer.NetStandard2.csproj", "{58E64EF4-DC9C-43ED-B474-54DB3D7B3FAF}"
EndProject
Project("{9A19103F-16F7-4668-BE54-9A1E7A4F7556}") = "HtmlRenderer.NetStandard2.XamarinForms", "Demos\HtmlRenderer.NetStandard2.XamarinForms\HtmlRenderer.NetStandard2.XamarinForms.csproj", "{AB58B874-6FE1-476E-B8FA-23D56E59587A}"
EndProject
Project("{FAE04EC0-301F-11D3-BF4B-00C04F79EFBC}") = "Demo.Android", "Demo\Demo.Android\Demo.Android.csproj", "{4F403547-DB5F-45E8-AFF5-5DF3030D164F}"
EndProject
Project("{FAE04EC0-301F-11D3-BF4B-00C04F79EFBC}") = "Demo.iOS", "Demo\Demo.iOS\Demo.iOS.csproj", "{8F0484BB-BE20-49E6-9E8B-30461B35B4CE}"
EndProject
Project("{FAE04EC0-301F-11D3-BF4B-00C04F79EFBC}") = "Demo", "Demo\Demo\Demo.csproj", "{046D1CA5-D3BD-4426-9589-FCE929F4123E}"
EndProject
Global
	GlobalSection(SolutionConfigurationPlatforms) = preSolution
		Ad-Hoc|Any CPU = Ad-Hoc|Any CPU
		Ad-Hoc|ARM = Ad-Hoc|ARM
		Ad-Hoc|iPhone = Ad-Hoc|iPhone
		Ad-Hoc|iPhoneSimulator = Ad-Hoc|iPhoneSimulator
		Ad-Hoc|x64 = Ad-Hoc|x64
		Ad-Hoc|x86 = Ad-Hoc|x86
		AppStore|Any CPU = AppStore|Any CPU
		AppStore|ARM = AppStore|ARM
		AppStore|iPhone = AppStore|iPhone
		AppStore|iPhoneSimulator = AppStore|iPhoneSimulator
		AppStore|x64 = AppStore|x64
		AppStore|x86 = AppStore|x86
		Debug|Any CPU = Debug|Any CPU
		Debug|ARM = Debug|ARM
		Debug|iPhone = Debug|iPhone
		Debug|iPhoneSimulator = Debug|iPhoneSimulator
		Debug|x64 = Debug|x64
		Debug|x86 = Debug|x86
		Release|Any CPU = Release|Any CPU
		Release|ARM = Release|ARM
		Release|iPhone = Release|iPhone
		Release|iPhoneSimulator = Release|iPhoneSimulator
		Release|x64 = Release|x64
		Release|x86 = Release|x86
	EndGlobalSection
	GlobalSection(ProjectConfigurationPlatforms) = postSolution
		{D6159062-AB0B-4A61-A2B2-B6963C1CD300}.Ad-Hoc|Any CPU.ActiveCfg = Debug|Any CPU
		{D6159062-AB0B-4A61-A2B2-B6963C1CD300}.Ad-Hoc|Any CPU.Build.0 = Debug|Any CPU
		{D6159062-AB0B-4A61-A2B2-B6963C1CD300}.Ad-Hoc|Any CPU.Deploy.0 = Debug|Any CPU
		{D6159062-AB0B-4A61-A2B2-B6963C1CD300}.Ad-Hoc|ARM.ActiveCfg = Debug|Any CPU
		{D6159062-AB0B-4A61-A2B2-B6963C1CD300}.Ad-Hoc|ARM.Build.0 = Debug|Any CPU
		{D6159062-AB0B-4A61-A2B2-B6963C1CD300}.Ad-Hoc|ARM.Deploy.0 = Debug|Any CPU
		{D6159062-AB0B-4A61-A2B2-B6963C1CD300}.Ad-Hoc|iPhone.ActiveCfg = Debug|Any CPU
		{D6159062-AB0B-4A61-A2B2-B6963C1CD300}.Ad-Hoc|iPhone.Build.0 = Debug|Any CPU
		{D6159062-AB0B-4A61-A2B2-B6963C1CD300}.Ad-Hoc|iPhone.Deploy.0 = Debug|Any CPU
		{D6159062-AB0B-4A61-A2B2-B6963C1CD300}.Ad-Hoc|iPhoneSimulator.ActiveCfg = Debug|Any CPU
		{D6159062-AB0B-4A61-A2B2-B6963C1CD300}.Ad-Hoc|iPhoneSimulator.Build.0 = Debug|Any CPU
		{D6159062-AB0B-4A61-A2B2-B6963C1CD300}.Ad-Hoc|iPhoneSimulator.Deploy.0 = Debug|Any CPU
		{D6159062-AB0B-4A61-A2B2-B6963C1CD300}.Ad-Hoc|x64.ActiveCfg = Debug|Any CPU
		{D6159062-AB0B-4A61-A2B2-B6963C1CD300}.Ad-Hoc|x64.Build.0 = Debug|Any CPU
		{D6159062-AB0B-4A61-A2B2-B6963C1CD300}.Ad-Hoc|x64.Deploy.0 = Debug|Any CPU
		{D6159062-AB0B-4A61-A2B2-B6963C1CD300}.Ad-Hoc|x86.ActiveCfg = Debug|Any CPU
		{D6159062-AB0B-4A61-A2B2-B6963C1CD300}.Ad-Hoc|x86.Build.0 = Debug|Any CPU
		{D6159062-AB0B-4A61-A2B2-B6963C1CD300}.Ad-Hoc|x86.Deploy.0 = Debug|Any CPU
		{D6159062-AB0B-4A61-A2B2-B6963C1CD300}.AppStore|Any CPU.ActiveCfg = Debug|Any CPU
		{D6159062-AB0B-4A61-A2B2-B6963C1CD300}.AppStore|Any CPU.Build.0 = Debug|Any CPU
		{D6159062-AB0B-4A61-A2B2-B6963C1CD300}.AppStore|Any CPU.Deploy.0 = Debug|Any CPU
		{D6159062-AB0B-4A61-A2B2-B6963C1CD300}.AppStore|ARM.ActiveCfg = Debug|Any CPU
		{D6159062-AB0B-4A61-A2B2-B6963C1CD300}.AppStore|ARM.Build.0 = Debug|Any CPU
		{D6159062-AB0B-4A61-A2B2-B6963C1CD300}.AppStore|ARM.Deploy.0 = Debug|Any CPU
		{D6159062-AB0B-4A61-A2B2-B6963C1CD300}.AppStore|iPhone.ActiveCfg = Debug|Any CPU
		{D6159062-AB0B-4A61-A2B2-B6963C1CD300}.AppStore|iPhone.Build.0 = Debug|Any CPU
		{D6159062-AB0B-4A61-A2B2-B6963C1CD300}.AppStore|iPhone.Deploy.0 = Debug|Any CPU
		{D6159062-AB0B-4A61-A2B2-B6963C1CD300}.AppStore|iPhoneSimulator.ActiveCfg = Debug|Any CPU
		{D6159062-AB0B-4A61-A2B2-B6963C1CD300}.AppStore|iPhoneSimulator.Build.0 = Debug|Any CPU
		{D6159062-AB0B-4A61-A2B2-B6963C1CD300}.AppStore|iPhoneSimulator.Deploy.0 = Debug|Any CPU
		{D6159062-AB0B-4A61-A2B2-B6963C1CD300}.AppStore|x64.ActiveCfg = Debug|Any CPU
		{D6159062-AB0B-4A61-A2B2-B6963C1CD300}.AppStore|x64.Build.0 = Debug|Any CPU
		{D6159062-AB0B-4A61-A2B2-B6963C1CD300}.AppStore|x64.Deploy.0 = Debug|Any CPU
		{D6159062-AB0B-4A61-A2B2-B6963C1CD300}.AppStore|x86.ActiveCfg = Debug|Any CPU
		{D6159062-AB0B-4A61-A2B2-B6963C1CD300}.AppStore|x86.Build.0 = Debug|Any CPU
		{D6159062-AB0B-4A61-A2B2-B6963C1CD300}.AppStore|x86.Deploy.0 = Debug|Any CPU
		{D6159062-AB0B-4A61-A2B2-B6963C1CD300}.Debug|Any CPU.ActiveCfg = Debug|Any CPU
		{D6159062-AB0B-4A61-A2B2-B6963C1CD300}.Debug|Any CPU.Build.0 = Debug|Any CPU
		{D6159062-AB0B-4A61-A2B2-B6963C1CD300}.Debug|Any CPU.Deploy.0 = Debug|Any CPU
		{D6159062-AB0B-4A61-A2B2-B6963C1CD300}.Debug|ARM.ActiveCfg = Debug|Any CPU
		{D6159062-AB0B-4A61-A2B2-B6963C1CD300}.Debug|ARM.Build.0 = Debug|Any CPU
		{D6159062-AB0B-4A61-A2B2-B6963C1CD300}.Debug|ARM.Deploy.0 = Debug|Any CPU
		{D6159062-AB0B-4A61-A2B2-B6963C1CD300}.Debug|iPhone.ActiveCfg = Debug|Any CPU
		{D6159062-AB0B-4A61-A2B2-B6963C1CD300}.Debug|iPhone.Build.0 = Debug|Any CPU
		{D6159062-AB0B-4A61-A2B2-B6963C1CD300}.Debug|iPhone.Deploy.0 = Debug|Any CPU
		{D6159062-AB0B-4A61-A2B2-B6963C1CD300}.Debug|iPhoneSimulator.ActiveCfg = Debug|Any CPU
		{D6159062-AB0B-4A61-A2B2-B6963C1CD300}.Debug|iPhoneSimulator.Build.0 = Debug|Any CPU
		{D6159062-AB0B-4A61-A2B2-B6963C1CD300}.Debug|iPhoneSimulator.Deploy.0 = Debug|Any CPU
		{D6159062-AB0B-4A61-A2B2-B6963C1CD300}.Debug|x64.ActiveCfg = Debug|Any CPU
		{D6159062-AB0B-4A61-A2B2-B6963C1CD300}.Debug|x64.Build.0 = Debug|Any CPU
		{D6159062-AB0B-4A61-A2B2-B6963C1CD300}.Debug|x64.Deploy.0 = Debug|Any CPU
		{D6159062-AB0B-4A61-A2B2-B6963C1CD300}.Debug|x86.ActiveCfg = Debug|Any CPU
		{D6159062-AB0B-4A61-A2B2-B6963C1CD300}.Debug|x86.Build.0 = Debug|Any CPU
		{D6159062-AB0B-4A61-A2B2-B6963C1CD300}.Debug|x86.Deploy.0 = Debug|Any CPU
		{D6159062-AB0B-4A61-A2B2-B6963C1CD300}.Release|Any CPU.ActiveCfg = Release|Any CPU
		{D6159062-AB0B-4A61-A2B2-B6963C1CD300}.Release|Any CPU.Build.0 = Release|Any CPU
		{D6159062-AB0B-4A61-A2B2-B6963C1CD300}.Release|Any CPU.Deploy.0 = Release|Any CPU
		{D6159062-AB0B-4A61-A2B2-B6963C1CD300}.Release|ARM.ActiveCfg = Release|Any CPU
		{D6159062-AB0B-4A61-A2B2-B6963C1CD300}.Release|ARM.Build.0 = Release|Any CPU
		{D6159062-AB0B-4A61-A2B2-B6963C1CD300}.Release|ARM.Deploy.0 = Release|Any CPU
		{D6159062-AB0B-4A61-A2B2-B6963C1CD300}.Release|iPhone.ActiveCfg = Release|Any CPU
		{D6159062-AB0B-4A61-A2B2-B6963C1CD300}.Release|iPhone.Build.0 = Release|Any CPU
		{D6159062-AB0B-4A61-A2B2-B6963C1CD300}.Release|iPhone.Deploy.0 = Release|Any CPU
		{D6159062-AB0B-4A61-A2B2-B6963C1CD300}.Release|iPhoneSimulator.ActiveCfg = Release|Any CPU
		{D6159062-AB0B-4A61-A2B2-B6963C1CD300}.Release|iPhoneSimulator.Build.0 = Release|Any CPU
		{D6159062-AB0B-4A61-A2B2-B6963C1CD300}.Release|iPhoneSimulator.Deploy.0 = Release|Any CPU
		{D6159062-AB0B-4A61-A2B2-B6963C1CD300}.Release|x64.ActiveCfg = Release|Any CPU
		{D6159062-AB0B-4A61-A2B2-B6963C1CD300}.Release|x64.Build.0 = Release|Any CPU
		{D6159062-AB0B-4A61-A2B2-B6963C1CD300}.Release|x64.Deploy.0 = Release|Any CPU
		{D6159062-AB0B-4A61-A2B2-B6963C1CD300}.Release|x86.ActiveCfg = Release|Any CPU
		{D6159062-AB0B-4A61-A2B2-B6963C1CD300}.Release|x86.Build.0 = Release|Any CPU
		{D6159062-AB0B-4A61-A2B2-B6963C1CD300}.Release|x86.Deploy.0 = Release|Any CPU
		{4FEC4CE6-E631-4DB6-95F8-C31E0D140CC9}.Ad-Hoc|Any CPU.ActiveCfg = Release|Any CPU
		{4FEC4CE6-E631-4DB6-95F8-C31E0D140CC9}.Ad-Hoc|Any CPU.Build.0 = Release|Any CPU
		{4FEC4CE6-E631-4DB6-95F8-C31E0D140CC9}.Ad-Hoc|Any CPU.Deploy.0 = Release|Any CPU
		{4FEC4CE6-E631-4DB6-95F8-C31E0D140CC9}.Ad-Hoc|ARM.ActiveCfg = Release|Any CPU
		{4FEC4CE6-E631-4DB6-95F8-C31E0D140CC9}.Ad-Hoc|ARM.Build.0 = Release|Any CPU
		{4FEC4CE6-E631-4DB6-95F8-C31E0D140CC9}.Ad-Hoc|ARM.Deploy.0 = Release|Any CPU
		{4FEC4CE6-E631-4DB6-95F8-C31E0D140CC9}.Ad-Hoc|iPhone.ActiveCfg = Release|Any CPU
		{4FEC4CE6-E631-4DB6-95F8-C31E0D140CC9}.Ad-Hoc|iPhone.Build.0 = Release|Any CPU
		{4FEC4CE6-E631-4DB6-95F8-C31E0D140CC9}.Ad-Hoc|iPhone.Deploy.0 = Release|Any CPU
		{4FEC4CE6-E631-4DB6-95F8-C31E0D140CC9}.Ad-Hoc|iPhoneSimulator.ActiveCfg = Release|Any CPU
		{4FEC4CE6-E631-4DB6-95F8-C31E0D140CC9}.Ad-Hoc|iPhoneSimulator.Build.0 = Release|Any CPU
		{4FEC4CE6-E631-4DB6-95F8-C31E0D140CC9}.Ad-Hoc|iPhoneSimulator.Deploy.0 = Release|Any CPU
		{4FEC4CE6-E631-4DB6-95F8-C31E0D140CC9}.Ad-Hoc|x64.ActiveCfg = Release|Any CPU
		{4FEC4CE6-E631-4DB6-95F8-C31E0D140CC9}.Ad-Hoc|x64.Build.0 = Release|Any CPU
		{4FEC4CE6-E631-4DB6-95F8-C31E0D140CC9}.Ad-Hoc|x64.Deploy.0 = Release|Any CPU
		{4FEC4CE6-E631-4DB6-95F8-C31E0D140CC9}.Ad-Hoc|x86.ActiveCfg = Release|Any CPU
		{4FEC4CE6-E631-4DB6-95F8-C31E0D140CC9}.Ad-Hoc|x86.Build.0 = Release|Any CPU
		{4FEC4CE6-E631-4DB6-95F8-C31E0D140CC9}.Ad-Hoc|x86.Deploy.0 = Release|Any CPU
		{4FEC4CE6-E631-4DB6-95F8-C31E0D140CC9}.AppStore|Any CPU.ActiveCfg = Release|Any CPU
		{4FEC4CE6-E631-4DB6-95F8-C31E0D140CC9}.AppStore|Any CPU.Build.0 = Release|Any CPU
		{4FEC4CE6-E631-4DB6-95F8-C31E0D140CC9}.AppStore|Any CPU.Deploy.0 = Release|Any CPU
		{4FEC4CE6-E631-4DB6-95F8-C31E0D140CC9}.AppStore|ARM.ActiveCfg = Release|Any CPU
		{4FEC4CE6-E631-4DB6-95F8-C31E0D140CC9}.AppStore|ARM.Build.0 = Release|Any CPU
		{4FEC4CE6-E631-4DB6-95F8-C31E0D140CC9}.AppStore|ARM.Deploy.0 = Release|Any CPU
		{4FEC4CE6-E631-4DB6-95F8-C31E0D140CC9}.AppStore|iPhone.ActiveCfg = Release|Any CPU
		{4FEC4CE6-E631-4DB6-95F8-C31E0D140CC9}.AppStore|iPhone.Build.0 = Release|Any CPU
		{4FEC4CE6-E631-4DB6-95F8-C31E0D140CC9}.AppStore|iPhone.Deploy.0 = Release|Any CPU
		{4FEC4CE6-E631-4DB6-95F8-C31E0D140CC9}.AppStore|iPhoneSimulator.ActiveCfg = Release|Any CPU
		{4FEC4CE6-E631-4DB6-95F8-C31E0D140CC9}.AppStore|iPhoneSimulator.Build.0 = Release|Any CPU
		{4FEC4CE6-E631-4DB6-95F8-C31E0D140CC9}.AppStore|iPhoneSimulator.Deploy.0 = Release|Any CPU
		{4FEC4CE6-E631-4DB6-95F8-C31E0D140CC9}.AppStore|x64.ActiveCfg = Release|Any CPU
		{4FEC4CE6-E631-4DB6-95F8-C31E0D140CC9}.AppStore|x64.Build.0 = Release|Any CPU
		{4FEC4CE6-E631-4DB6-95F8-C31E0D140CC9}.AppStore|x64.Deploy.0 = Release|Any CPU
		{4FEC4CE6-E631-4DB6-95F8-C31E0D140CC9}.AppStore|x86.ActiveCfg = Release|Any CPU
		{4FEC4CE6-E631-4DB6-95F8-C31E0D140CC9}.AppStore|x86.Build.0 = Release|Any CPU
		{4FEC4CE6-E631-4DB6-95F8-C31E0D140CC9}.AppStore|x86.Deploy.0 = Release|Any CPU
		{4FEC4CE6-E631-4DB6-95F8-C31E0D140CC9}.Debug|Any CPU.ActiveCfg = Debug|Any CPU
		{4FEC4CE6-E631-4DB6-95F8-C31E0D140CC9}.Debug|Any CPU.Build.0 = Debug|Any CPU
		{4FEC4CE6-E631-4DB6-95F8-C31E0D140CC9}.Debug|Any CPU.Deploy.0 = Debug|Any CPU
		{4FEC4CE6-E631-4DB6-95F8-C31E0D140CC9}.Debug|ARM.ActiveCfg = Debug|Any CPU
		{4FEC4CE6-E631-4DB6-95F8-C31E0D140CC9}.Debug|ARM.Build.0 = Debug|Any CPU
		{4FEC4CE6-E631-4DB6-95F8-C31E0D140CC9}.Debug|ARM.Deploy.0 = Debug|Any CPU
		{4FEC4CE6-E631-4DB6-95F8-C31E0D140CC9}.Debug|iPhone.ActiveCfg = Debug|Any CPU
		{4FEC4CE6-E631-4DB6-95F8-C31E0D140CC9}.Debug|iPhone.Build.0 = Debug|Any CPU
		{4FEC4CE6-E631-4DB6-95F8-C31E0D140CC9}.Debug|iPhone.Deploy.0 = Debug|Any CPU
		{4FEC4CE6-E631-4DB6-95F8-C31E0D140CC9}.Debug|iPhoneSimulator.ActiveCfg = Debug|Any CPU
		{4FEC4CE6-E631-4DB6-95F8-C31E0D140CC9}.Debug|iPhoneSimulator.Build.0 = Debug|Any CPU
		{4FEC4CE6-E631-4DB6-95F8-C31E0D140CC9}.Debug|iPhoneSimulator.Deploy.0 = Debug|Any CPU
		{4FEC4CE6-E631-4DB6-95F8-C31E0D140CC9}.Debug|x64.ActiveCfg = Debug|Any CPU
		{4FEC4CE6-E631-4DB6-95F8-C31E0D140CC9}.Debug|x64.Build.0 = Debug|Any CPU
		{4FEC4CE6-E631-4DB6-95F8-C31E0D140CC9}.Debug|x64.Deploy.0 = Debug|Any CPU
		{4FEC4CE6-E631-4DB6-95F8-C31E0D140CC9}.Debug|x86.ActiveCfg = Debug|Any CPU
		{4FEC4CE6-E631-4DB6-95F8-C31E0D140CC9}.Debug|x86.Build.0 = Debug|Any CPU
		{4FEC4CE6-E631-4DB6-95F8-C31E0D140CC9}.Debug|x86.Deploy.0 = Debug|Any CPU
		{4FEC4CE6-E631-4DB6-95F8-C31E0D140CC9}.Release|Any CPU.ActiveCfg = Release|Any CPU
		{4FEC4CE6-E631-4DB6-95F8-C31E0D140CC9}.Release|Any CPU.Build.0 = Release|Any CPU
		{4FEC4CE6-E631-4DB6-95F8-C31E0D140CC9}.Release|Any CPU.Deploy.0 = Release|Any CPU
		{4FEC4CE6-E631-4DB6-95F8-C31E0D140CC9}.Release|ARM.ActiveCfg = Release|Any CPU
		{4FEC4CE6-E631-4DB6-95F8-C31E0D140CC9}.Release|ARM.Build.0 = Release|Any CPU
		{4FEC4CE6-E631-4DB6-95F8-C31E0D140CC9}.Release|ARM.Deploy.0 = Release|Any CPU
		{4FEC4CE6-E631-4DB6-95F8-C31E0D140CC9}.Release|iPhone.ActiveCfg = Release|Any CPU
		{4FEC4CE6-E631-4DB6-95F8-C31E0D140CC9}.Release|iPhone.Build.0 = Release|Any CPU
		{4FEC4CE6-E631-4DB6-95F8-C31E0D140CC9}.Release|iPhone.Deploy.0 = Release|Any CPU
		{4FEC4CE6-E631-4DB6-95F8-C31E0D140CC9}.Release|iPhoneSimulator.ActiveCfg = Release|Any CPU
		{4FEC4CE6-E631-4DB6-95F8-C31E0D140CC9}.Release|iPhoneSimulator.Build.0 = Release|Any CPU
		{4FEC4CE6-E631-4DB6-95F8-C31E0D140CC9}.Release|iPhoneSimulator.Deploy.0 = Release|Any CPU
		{4FEC4CE6-E631-4DB6-95F8-C31E0D140CC9}.Release|x64.ActiveCfg = Release|Any CPU
		{4FEC4CE6-E631-4DB6-95F8-C31E0D140CC9}.Release|x64.Build.0 = Release|Any CPU
		{4FEC4CE6-E631-4DB6-95F8-C31E0D140CC9}.Release|x64.Deploy.0 = Release|Any CPU
		{4FEC4CE6-E631-4DB6-95F8-C31E0D140CC9}.Release|x86.ActiveCfg = Release|Any CPU
		{4FEC4CE6-E631-4DB6-95F8-C31E0D140CC9}.Release|x86.Build.0 = Release|Any CPU
		{4FEC4CE6-E631-4DB6-95F8-C31E0D140CC9}.Release|x86.Deploy.0 = Release|Any CPU
		{DC1C9D66-B397-48BF-B12B-8B5C3CCE531E}.Ad-Hoc|Any CPU.ActiveCfg = Ad-Hoc|iPhone
		{DC1C9D66-B397-48BF-B12B-8B5C3CCE531E}.Ad-Hoc|Any CPU.Build.0 = Ad-Hoc|iPhone
		{DC1C9D66-B397-48BF-B12B-8B5C3CCE531E}.Ad-Hoc|Any CPU.Deploy.0 = Ad-Hoc|iPhone
		{DC1C9D66-B397-48BF-B12B-8B5C3CCE531E}.Ad-Hoc|ARM.ActiveCfg = Ad-Hoc|iPhone
		{DC1C9D66-B397-48BF-B12B-8B5C3CCE531E}.Ad-Hoc|ARM.Build.0 = Ad-Hoc|iPhone
		{DC1C9D66-B397-48BF-B12B-8B5C3CCE531E}.Ad-Hoc|ARM.Deploy.0 = Ad-Hoc|iPhone
		{DC1C9D66-B397-48BF-B12B-8B5C3CCE531E}.Ad-Hoc|iPhone.ActiveCfg = Ad-Hoc|iPhone
		{DC1C9D66-B397-48BF-B12B-8B5C3CCE531E}.Ad-Hoc|iPhone.Build.0 = Ad-Hoc|iPhone
		{DC1C9D66-B397-48BF-B12B-8B5C3CCE531E}.Ad-Hoc|iPhone.Deploy.0 = Ad-Hoc|iPhone
		{DC1C9D66-B397-48BF-B12B-8B5C3CCE531E}.Ad-Hoc|iPhoneSimulator.ActiveCfg = Ad-Hoc|iPhoneSimulator
		{DC1C9D66-B397-48BF-B12B-8B5C3CCE531E}.Ad-Hoc|iPhoneSimulator.Build.0 = Ad-Hoc|iPhoneSimulator
		{DC1C9D66-B397-48BF-B12B-8B5C3CCE531E}.Ad-Hoc|iPhoneSimulator.Deploy.0 = Ad-Hoc|iPhoneSimulator
		{DC1C9D66-B397-48BF-B12B-8B5C3CCE531E}.Ad-Hoc|x64.ActiveCfg = Ad-Hoc|iPhone
		{DC1C9D66-B397-48BF-B12B-8B5C3CCE531E}.Ad-Hoc|x64.Build.0 = Ad-Hoc|iPhone
		{DC1C9D66-B397-48BF-B12B-8B5C3CCE531E}.Ad-Hoc|x64.Deploy.0 = Ad-Hoc|iPhone
		{DC1C9D66-B397-48BF-B12B-8B5C3CCE531E}.Ad-Hoc|x86.ActiveCfg = Ad-Hoc|iPhone
		{DC1C9D66-B397-48BF-B12B-8B5C3CCE531E}.Ad-Hoc|x86.Build.0 = Ad-Hoc|iPhone
		{DC1C9D66-B397-48BF-B12B-8B5C3CCE531E}.Ad-Hoc|x86.Deploy.0 = Ad-Hoc|iPhone
		{DC1C9D66-B397-48BF-B12B-8B5C3CCE531E}.AppStore|Any CPU.ActiveCfg = AppStore|iPhone
		{DC1C9D66-B397-48BF-B12B-8B5C3CCE531E}.AppStore|Any CPU.Build.0 = AppStore|iPhone
		{DC1C9D66-B397-48BF-B12B-8B5C3CCE531E}.AppStore|Any CPU.Deploy.0 = AppStore|iPhone
		{DC1C9D66-B397-48BF-B12B-8B5C3CCE531E}.AppStore|ARM.ActiveCfg = AppStore|iPhone
		{DC1C9D66-B397-48BF-B12B-8B5C3CCE531E}.AppStore|ARM.Build.0 = AppStore|iPhone
		{DC1C9D66-B397-48BF-B12B-8B5C3CCE531E}.AppStore|ARM.Deploy.0 = AppStore|iPhone
		{DC1C9D66-B397-48BF-B12B-8B5C3CCE531E}.AppStore|iPhone.ActiveCfg = AppStore|iPhone
		{DC1C9D66-B397-48BF-B12B-8B5C3CCE531E}.AppStore|iPhone.Build.0 = AppStore|iPhone
		{DC1C9D66-B397-48BF-B12B-8B5C3CCE531E}.AppStore|iPhone.Deploy.0 = AppStore|iPhone
		{DC1C9D66-B397-48BF-B12B-8B5C3CCE531E}.AppStore|iPhoneSimulator.ActiveCfg = AppStore|iPhoneSimulator
		{DC1C9D66-B397-48BF-B12B-8B5C3CCE531E}.AppStore|iPhoneSimulator.Build.0 = AppStore|iPhoneSimulator
		{DC1C9D66-B397-48BF-B12B-8B5C3CCE531E}.AppStore|iPhoneSimulator.Deploy.0 = AppStore|iPhoneSimulator
		{DC1C9D66-B397-48BF-B12B-8B5C3CCE531E}.AppStore|x64.ActiveCfg = AppStore|iPhone
		{DC1C9D66-B397-48BF-B12B-8B5C3CCE531E}.AppStore|x64.Build.0 = AppStore|iPhone
		{DC1C9D66-B397-48BF-B12B-8B5C3CCE531E}.AppStore|x64.Deploy.0 = AppStore|iPhone
		{DC1C9D66-B397-48BF-B12B-8B5C3CCE531E}.AppStore|x86.ActiveCfg = AppStore|iPhone
		{DC1C9D66-B397-48BF-B12B-8B5C3CCE531E}.AppStore|x86.Build.0 = AppStore|iPhone
		{DC1C9D66-B397-48BF-B12B-8B5C3CCE531E}.AppStore|x86.Deploy.0 = AppStore|iPhone
		{DC1C9D66-B397-48BF-B12B-8B5C3CCE531E}.Debug|Any CPU.ActiveCfg = Debug|iPhoneSimulator
		{DC1C9D66-B397-48BF-B12B-8B5C3CCE531E}.Debug|Any CPU.Build.0 = Debug|iPhoneSimulator
		{DC1C9D66-B397-48BF-B12B-8B5C3CCE531E}.Debug|Any CPU.Deploy.0 = Debug|iPhoneSimulator
		{DC1C9D66-B397-48BF-B12B-8B5C3CCE531E}.Debug|ARM.ActiveCfg = Debug|iPhone
		{DC1C9D66-B397-48BF-B12B-8B5C3CCE531E}.Debug|ARM.Build.0 = Debug|iPhone
		{DC1C9D66-B397-48BF-B12B-8B5C3CCE531E}.Debug|ARM.Deploy.0 = Debug|iPhone
		{DC1C9D66-B397-48BF-B12B-8B5C3CCE531E}.Debug|iPhone.ActiveCfg = Debug|iPhone
		{DC1C9D66-B397-48BF-B12B-8B5C3CCE531E}.Debug|iPhone.Build.0 = Debug|iPhone
		{DC1C9D66-B397-48BF-B12B-8B5C3CCE531E}.Debug|iPhone.Deploy.0 = Debug|iPhone
		{DC1C9D66-B397-48BF-B12B-8B5C3CCE531E}.Debug|iPhoneSimulator.ActiveCfg = Debug|iPhoneSimulator
		{DC1C9D66-B397-48BF-B12B-8B5C3CCE531E}.Debug|iPhoneSimulator.Build.0 = Debug|iPhoneSimulator
		{DC1C9D66-B397-48BF-B12B-8B5C3CCE531E}.Debug|iPhoneSimulator.Deploy.0 = Debug|iPhoneSimulator
		{DC1C9D66-B397-48BF-B12B-8B5C3CCE531E}.Debug|x64.ActiveCfg = Debug|iPhone
		{DC1C9D66-B397-48BF-B12B-8B5C3CCE531E}.Debug|x64.Build.0 = Debug|iPhone
		{DC1C9D66-B397-48BF-B12B-8B5C3CCE531E}.Debug|x64.Deploy.0 = Debug|iPhone
		{DC1C9D66-B397-48BF-B12B-8B5C3CCE531E}.Debug|x86.ActiveCfg = Debug|iPhone
		{DC1C9D66-B397-48BF-B12B-8B5C3CCE531E}.Debug|x86.Build.0 = Debug|iPhone
		{DC1C9D66-B397-48BF-B12B-8B5C3CCE531E}.Debug|x86.Deploy.0 = Debug|iPhone
		{DC1C9D66-B397-48BF-B12B-8B5C3CCE531E}.Release|Any CPU.ActiveCfg = Release|iPhone
		{DC1C9D66-B397-48BF-B12B-8B5C3CCE531E}.Release|Any CPU.Build.0 = Release|iPhone
		{DC1C9D66-B397-48BF-B12B-8B5C3CCE531E}.Release|Any CPU.Deploy.0 = Release|iPhone
		{DC1C9D66-B397-48BF-B12B-8B5C3CCE531E}.Release|ARM.ActiveCfg = Release|iPhone
		{DC1C9D66-B397-48BF-B12B-8B5C3CCE531E}.Release|ARM.Build.0 = Release|iPhone
		{DC1C9D66-B397-48BF-B12B-8B5C3CCE531E}.Release|ARM.Deploy.0 = Release|iPhone
		{DC1C9D66-B397-48BF-B12B-8B5C3CCE531E}.Release|iPhone.ActiveCfg = Release|iPhone
		{DC1C9D66-B397-48BF-B12B-8B5C3CCE531E}.Release|iPhone.Build.0 = Release|iPhone
		{DC1C9D66-B397-48BF-B12B-8B5C3CCE531E}.Release|iPhone.Deploy.0 = Release|iPhone
		{DC1C9D66-B397-48BF-B12B-8B5C3CCE531E}.Release|iPhoneSimulator.ActiveCfg = Release|iPhoneSimulator
		{DC1C9D66-B397-48BF-B12B-8B5C3CCE531E}.Release|iPhoneSimulator.Build.0 = Release|iPhoneSimulator
		{DC1C9D66-B397-48BF-B12B-8B5C3CCE531E}.Release|iPhoneSimulator.Deploy.0 = Release|iPhoneSimulator
		{DC1C9D66-B397-48BF-B12B-8B5C3CCE531E}.Release|x64.ActiveCfg = Release|iPhone
		{DC1C9D66-B397-48BF-B12B-8B5C3CCE531E}.Release|x64.Build.0 = Release|iPhone
		{DC1C9D66-B397-48BF-B12B-8B5C3CCE531E}.Release|x64.Deploy.0 = Release|iPhone
		{DC1C9D66-B397-48BF-B12B-8B5C3CCE531E}.Release|x86.ActiveCfg = Release|iPhone
		{DC1C9D66-B397-48BF-B12B-8B5C3CCE531E}.Release|x86.Build.0 = Release|iPhone
		{DC1C9D66-B397-48BF-B12B-8B5C3CCE531E}.Release|x86.Deploy.0 = Release|iPhone
		{58E64EF4-DC9C-43ED-B474-54DB3D7B3FAF}.Ad-Hoc|Any CPU.ActiveCfg = Debug|Any CPU
		{58E64EF4-DC9C-43ED-B474-54DB3D7B3FAF}.Ad-Hoc|Any CPU.Build.0 = Debug|Any CPU
		{58E64EF4-DC9C-43ED-B474-54DB3D7B3FAF}.Ad-Hoc|ARM.ActiveCfg = Debug|Any CPU
		{58E64EF4-DC9C-43ED-B474-54DB3D7B3FAF}.Ad-Hoc|ARM.Build.0 = Debug|Any CPU
		{58E64EF4-DC9C-43ED-B474-54DB3D7B3FAF}.Ad-Hoc|iPhone.ActiveCfg = Debug|Any CPU
		{58E64EF4-DC9C-43ED-B474-54DB3D7B3FAF}.Ad-Hoc|iPhone.Build.0 = Debug|Any CPU
		{58E64EF4-DC9C-43ED-B474-54DB3D7B3FAF}.Ad-Hoc|iPhoneSimulator.ActiveCfg = Debug|Any CPU
		{58E64EF4-DC9C-43ED-B474-54DB3D7B3FAF}.Ad-Hoc|iPhoneSimulator.Build.0 = Debug|Any CPU
		{58E64EF4-DC9C-43ED-B474-54DB3D7B3FAF}.Ad-Hoc|x64.ActiveCfg = Debug|Any CPU
		{58E64EF4-DC9C-43ED-B474-54DB3D7B3FAF}.Ad-Hoc|x64.Build.0 = Debug|Any CPU
		{58E64EF4-DC9C-43ED-B474-54DB3D7B3FAF}.Ad-Hoc|x86.ActiveCfg = Debug|Any CPU
		{58E64EF4-DC9C-43ED-B474-54DB3D7B3FAF}.Ad-Hoc|x86.Build.0 = Debug|Any CPU
		{58E64EF4-DC9C-43ED-B474-54DB3D7B3FAF}.AppStore|Any CPU.ActiveCfg = Debug|Any CPU
		{58E64EF4-DC9C-43ED-B474-54DB3D7B3FAF}.AppStore|Any CPU.Build.0 = Debug|Any CPU
		{58E64EF4-DC9C-43ED-B474-54DB3D7B3FAF}.AppStore|ARM.ActiveCfg = Debug|Any CPU
		{58E64EF4-DC9C-43ED-B474-54DB3D7B3FAF}.AppStore|ARM.Build.0 = Debug|Any CPU
		{58E64EF4-DC9C-43ED-B474-54DB3D7B3FAF}.AppStore|iPhone.ActiveCfg = Debug|Any CPU
		{58E64EF4-DC9C-43ED-B474-54DB3D7B3FAF}.AppStore|iPhone.Build.0 = Debug|Any CPU
		{58E64EF4-DC9C-43ED-B474-54DB3D7B3FAF}.AppStore|iPhoneSimulator.ActiveCfg = Debug|Any CPU
		{58E64EF4-DC9C-43ED-B474-54DB3D7B3FAF}.AppStore|iPhoneSimulator.Build.0 = Debug|Any CPU
		{58E64EF4-DC9C-43ED-B474-54DB3D7B3FAF}.AppStore|x64.ActiveCfg = Debug|Any CPU
		{58E64EF4-DC9C-43ED-B474-54DB3D7B3FAF}.AppStore|x64.Build.0 = Debug|Any CPU
		{58E64EF4-DC9C-43ED-B474-54DB3D7B3FAF}.AppStore|x86.ActiveCfg = Debug|Any CPU
		{58E64EF4-DC9C-43ED-B474-54DB3D7B3FAF}.AppStore|x86.Build.0 = Debug|Any CPU
		{58E64EF4-DC9C-43ED-B474-54DB3D7B3FAF}.Debug|Any CPU.ActiveCfg = Debug|Any CPU
		{58E64EF4-DC9C-43ED-B474-54DB3D7B3FAF}.Debug|Any CPU.Build.0 = Debug|Any CPU
		{58E64EF4-DC9C-43ED-B474-54DB3D7B3FAF}.Debug|ARM.ActiveCfg = Debug|Any CPU
		{58E64EF4-DC9C-43ED-B474-54DB3D7B3FAF}.Debug|ARM.Build.0 = Debug|Any CPU
		{58E64EF4-DC9C-43ED-B474-54DB3D7B3FAF}.Debug|iPhone.ActiveCfg = Debug|Any CPU
		{58E64EF4-DC9C-43ED-B474-54DB3D7B3FAF}.Debug|iPhone.Build.0 = Debug|Any CPU
		{58E64EF4-DC9C-43ED-B474-54DB3D7B3FAF}.Debug|iPhoneSimulator.ActiveCfg = Debug|Any CPU
		{58E64EF4-DC9C-43ED-B474-54DB3D7B3FAF}.Debug|iPhoneSimulator.Build.0 = Debug|Any CPU
		{58E64EF4-DC9C-43ED-B474-54DB3D7B3FAF}.Debug|x64.ActiveCfg = Debug|Any CPU
		{58E64EF4-DC9C-43ED-B474-54DB3D7B3FAF}.Debug|x64.Build.0 = Debug|Any CPU
		{58E64EF4-DC9C-43ED-B474-54DB3D7B3FAF}.Debug|x86.ActiveCfg = Debug|Any CPU
		{58E64EF4-DC9C-43ED-B474-54DB3D7B3FAF}.Debug|x86.Build.0 = Debug|Any CPU
		{58E64EF4-DC9C-43ED-B474-54DB3D7B3FAF}.Release|Any CPU.ActiveCfg = Release|Any CPU
		{58E64EF4-DC9C-43ED-B474-54DB3D7B3FAF}.Release|Any CPU.Build.0 = Release|Any CPU
		{58E64EF4-DC9C-43ED-B474-54DB3D7B3FAF}.Release|ARM.ActiveCfg = Release|Any CPU
		{58E64EF4-DC9C-43ED-B474-54DB3D7B3FAF}.Release|ARM.Build.0 = Release|Any CPU
		{58E64EF4-DC9C-43ED-B474-54DB3D7B3FAF}.Release|iPhone.ActiveCfg = Release|Any CPU
		{58E64EF4-DC9C-43ED-B474-54DB3D7B3FAF}.Release|iPhone.Build.0 = Release|Any CPU
		{58E64EF4-DC9C-43ED-B474-54DB3D7B3FAF}.Release|iPhoneSimulator.ActiveCfg = Release|Any CPU
		{58E64EF4-DC9C-43ED-B474-54DB3D7B3FAF}.Release|iPhoneSimulator.Build.0 = Release|Any CPU
		{58E64EF4-DC9C-43ED-B474-54DB3D7B3FAF}.Release|x64.ActiveCfg = Release|Any CPU
		{58E64EF4-DC9C-43ED-B474-54DB3D7B3FAF}.Release|x64.Build.0 = Release|Any CPU
		{58E64EF4-DC9C-43ED-B474-54DB3D7B3FAF}.Release|x86.ActiveCfg = Release|Any CPU
		{58E64EF4-DC9C-43ED-B474-54DB3D7B3FAF}.Release|x86.Build.0 = Release|Any CPU
		{AB58B874-6FE1-476E-B8FA-23D56E59587A}.Ad-Hoc|Any CPU.ActiveCfg = Debug|Any CPU
		{AB58B874-6FE1-476E-B8FA-23D56E59587A}.Ad-Hoc|Any CPU.Build.0 = Debug|Any CPU
		{AB58B874-6FE1-476E-B8FA-23D56E59587A}.Ad-Hoc|ARM.ActiveCfg = Debug|Any CPU
		{AB58B874-6FE1-476E-B8FA-23D56E59587A}.Ad-Hoc|ARM.Build.0 = Debug|Any CPU
		{AB58B874-6FE1-476E-B8FA-23D56E59587A}.Ad-Hoc|iPhone.ActiveCfg = Debug|Any CPU
		{AB58B874-6FE1-476E-B8FA-23D56E59587A}.Ad-Hoc|iPhone.Build.0 = Debug|Any CPU
		{AB58B874-6FE1-476E-B8FA-23D56E59587A}.Ad-Hoc|iPhoneSimulator.ActiveCfg = Debug|Any CPU
		{AB58B874-6FE1-476E-B8FA-23D56E59587A}.Ad-Hoc|iPhoneSimulator.Build.0 = Debug|Any CPU
		{AB58B874-6FE1-476E-B8FA-23D56E59587A}.Ad-Hoc|x64.ActiveCfg = Debug|Any CPU
		{AB58B874-6FE1-476E-B8FA-23D56E59587A}.Ad-Hoc|x64.Build.0 = Debug|Any CPU
		{AB58B874-6FE1-476E-B8FA-23D56E59587A}.Ad-Hoc|x86.ActiveCfg = Debug|Any CPU
		{AB58B874-6FE1-476E-B8FA-23D56E59587A}.Ad-Hoc|x86.Build.0 = Debug|Any CPU
		{AB58B874-6FE1-476E-B8FA-23D56E59587A}.AppStore|Any CPU.ActiveCfg = Debug|Any CPU
		{AB58B874-6FE1-476E-B8FA-23D56E59587A}.AppStore|Any CPU.Build.0 = Debug|Any CPU
		{AB58B874-6FE1-476E-B8FA-23D56E59587A}.AppStore|ARM.ActiveCfg = Debug|Any CPU
		{AB58B874-6FE1-476E-B8FA-23D56E59587A}.AppStore|ARM.Build.0 = Debug|Any CPU
		{AB58B874-6FE1-476E-B8FA-23D56E59587A}.AppStore|iPhone.ActiveCfg = Debug|Any CPU
		{AB58B874-6FE1-476E-B8FA-23D56E59587A}.AppStore|iPhone.Build.0 = Debug|Any CPU
		{AB58B874-6FE1-476E-B8FA-23D56E59587A}.AppStore|iPhoneSimulator.ActiveCfg = Debug|Any CPU
		{AB58B874-6FE1-476E-B8FA-23D56E59587A}.AppStore|iPhoneSimulator.Build.0 = Debug|Any CPU
		{AB58B874-6FE1-476E-B8FA-23D56E59587A}.AppStore|x64.ActiveCfg = Debug|Any CPU
		{AB58B874-6FE1-476E-B8FA-23D56E59587A}.AppStore|x64.Build.0 = Debug|Any CPU
		{AB58B874-6FE1-476E-B8FA-23D56E59587A}.AppStore|x86.ActiveCfg = Debug|Any CPU
		{AB58B874-6FE1-476E-B8FA-23D56E59587A}.AppStore|x86.Build.0 = Debug|Any CPU
		{AB58B874-6FE1-476E-B8FA-23D56E59587A}.Debug|Any CPU.ActiveCfg = Debug|Any CPU
		{AB58B874-6FE1-476E-B8FA-23D56E59587A}.Debug|Any CPU.Build.0 = Debug|Any CPU
		{AB58B874-6FE1-476E-B8FA-23D56E59587A}.Debug|ARM.ActiveCfg = Debug|Any CPU
		{AB58B874-6FE1-476E-B8FA-23D56E59587A}.Debug|ARM.Build.0 = Debug|Any CPU
		{AB58B874-6FE1-476E-B8FA-23D56E59587A}.Debug|iPhone.ActiveCfg = Debug|Any CPU
		{AB58B874-6FE1-476E-B8FA-23D56E59587A}.Debug|iPhone.Build.0 = Debug|Any CPU
		{AB58B874-6FE1-476E-B8FA-23D56E59587A}.Debug|iPhoneSimulator.ActiveCfg = Debug|Any CPU
		{AB58B874-6FE1-476E-B8FA-23D56E59587A}.Debug|iPhoneSimulator.Build.0 = Debug|Any CPU
		{AB58B874-6FE1-476E-B8FA-23D56E59587A}.Debug|x64.ActiveCfg = Debug|Any CPU
		{AB58B874-6FE1-476E-B8FA-23D56E59587A}.Debug|x64.Build.0 = Debug|Any CPU
		{AB58B874-6FE1-476E-B8FA-23D56E59587A}.Debug|x86.ActiveCfg = Debug|Any CPU
		{AB58B874-6FE1-476E-B8FA-23D56E59587A}.Debug|x86.Build.0 = Debug|Any CPU
		{AB58B874-6FE1-476E-B8FA-23D56E59587A}.Release|Any CPU.ActiveCfg = Release|Any CPU
		{AB58B874-6FE1-476E-B8FA-23D56E59587A}.Release|Any CPU.Build.0 = Release|Any CPU
		{AB58B874-6FE1-476E-B8FA-23D56E59587A}.Release|ARM.ActiveCfg = Release|Any CPU
		{AB58B874-6FE1-476E-B8FA-23D56E59587A}.Release|ARM.Build.0 = Release|Any CPU
		{AB58B874-6FE1-476E-B8FA-23D56E59587A}.Release|iPhone.ActiveCfg = Release|Any CPU
		{AB58B874-6FE1-476E-B8FA-23D56E59587A}.Release|iPhone.Build.0 = Release|Any CPU
		{AB58B874-6FE1-476E-B8FA-23D56E59587A}.Release|iPhoneSimulator.ActiveCfg = Release|Any CPU
		{AB58B874-6FE1-476E-B8FA-23D56E59587A}.Release|iPhoneSimulator.Build.0 = Release|Any CPU
		{AB58B874-6FE1-476E-B8FA-23D56E59587A}.Release|x64.ActiveCfg = Release|Any CPU
		{AB58B874-6FE1-476E-B8FA-23D56E59587A}.Release|x64.Build.0 = Release|Any CPU
		{AB58B874-6FE1-476E-B8FA-23D56E59587A}.Release|x86.ActiveCfg = Release|Any CPU
		{AB58B874-6FE1-476E-B8FA-23D56E59587A}.Release|x86.Build.0 = Release|Any CPU
		{4F403547-DB5F-45E8-AFF5-5DF3030D164F}.Ad-Hoc|Any CPU.ActiveCfg = Release|Any CPU
		{4F403547-DB5F-45E8-AFF5-5DF3030D164F}.Ad-Hoc|Any CPU.Build.0 = Release|Any CPU
		{4F403547-DB5F-45E8-AFF5-5DF3030D164F}.Ad-Hoc|Any CPU.Deploy.0 = Release|Any CPU
		{4F403547-DB5F-45E8-AFF5-5DF3030D164F}.Ad-Hoc|ARM.ActiveCfg = Release|Any CPU
		{4F403547-DB5F-45E8-AFF5-5DF3030D164F}.Ad-Hoc|ARM.Build.0 = Release|Any CPU
		{4F403547-DB5F-45E8-AFF5-5DF3030D164F}.Ad-Hoc|ARM.Deploy.0 = Release|Any CPU
		{4F403547-DB5F-45E8-AFF5-5DF3030D164F}.Ad-Hoc|iPhone.ActiveCfg = Release|Any CPU
		{4F403547-DB5F-45E8-AFF5-5DF3030D164F}.Ad-Hoc|iPhone.Build.0 = Release|Any CPU
		{4F403547-DB5F-45E8-AFF5-5DF3030D164F}.Ad-Hoc|iPhone.Deploy.0 = Release|Any CPU
		{4F403547-DB5F-45E8-AFF5-5DF3030D164F}.Ad-Hoc|iPhoneSimulator.ActiveCfg = Release|Any CPU
		{4F403547-DB5F-45E8-AFF5-5DF3030D164F}.Ad-Hoc|iPhoneSimulator.Build.0 = Release|Any CPU
		{4F403547-DB5F-45E8-AFF5-5DF3030D164F}.Ad-Hoc|iPhoneSimulator.Deploy.0 = Release|Any CPU
		{4F403547-DB5F-45E8-AFF5-5DF3030D164F}.Ad-Hoc|x64.ActiveCfg = Release|Any CPU
		{4F403547-DB5F-45E8-AFF5-5DF3030D164F}.Ad-Hoc|x64.Build.0 = Release|Any CPU
		{4F403547-DB5F-45E8-AFF5-5DF3030D164F}.Ad-Hoc|x64.Deploy.0 = Release|Any CPU
		{4F403547-DB5F-45E8-AFF5-5DF3030D164F}.Ad-Hoc|x86.ActiveCfg = Release|Any CPU
		{4F403547-DB5F-45E8-AFF5-5DF3030D164F}.Ad-Hoc|x86.Build.0 = Release|Any CPU
		{4F403547-DB5F-45E8-AFF5-5DF3030D164F}.Ad-Hoc|x86.Deploy.0 = Release|Any CPU
		{4F403547-DB5F-45E8-AFF5-5DF3030D164F}.AppStore|Any CPU.ActiveCfg = Release|Any CPU
		{4F403547-DB5F-45E8-AFF5-5DF3030D164F}.AppStore|Any CPU.Build.0 = Release|Any CPU
		{4F403547-DB5F-45E8-AFF5-5DF3030D164F}.AppStore|Any CPU.Deploy.0 = Release|Any CPU
		{4F403547-DB5F-45E8-AFF5-5DF3030D164F}.AppStore|ARM.ActiveCfg = Release|Any CPU
		{4F403547-DB5F-45E8-AFF5-5DF3030D164F}.AppStore|ARM.Build.0 = Release|Any CPU
		{4F403547-DB5F-45E8-AFF5-5DF3030D164F}.AppStore|ARM.Deploy.0 = Release|Any CPU
		{4F403547-DB5F-45E8-AFF5-5DF3030D164F}.AppStore|iPhone.ActiveCfg = Release|Any CPU
		{4F403547-DB5F-45E8-AFF5-5DF3030D164F}.AppStore|iPhone.Build.0 = Release|Any CPU
		{4F403547-DB5F-45E8-AFF5-5DF3030D164F}.AppStore|iPhone.Deploy.0 = Release|Any CPU
		{4F403547-DB5F-45E8-AFF5-5DF3030D164F}.AppStore|iPhoneSimulator.ActiveCfg = Release|Any CPU
		{4F403547-DB5F-45E8-AFF5-5DF3030D164F}.AppStore|iPhoneSimulator.Build.0 = Release|Any CPU
		{4F403547-DB5F-45E8-AFF5-5DF3030D164F}.AppStore|iPhoneSimulator.Deploy.0 = Release|Any CPU
		{4F403547-DB5F-45E8-AFF5-5DF3030D164F}.AppStore|x64.ActiveCfg = Release|Any CPU
		{4F403547-DB5F-45E8-AFF5-5DF3030D164F}.AppStore|x64.Build.0 = Release|Any CPU
		{4F403547-DB5F-45E8-AFF5-5DF3030D164F}.AppStore|x64.Deploy.0 = Release|Any CPU
		{4F403547-DB5F-45E8-AFF5-5DF3030D164F}.AppStore|x86.ActiveCfg = Release|Any CPU
		{4F403547-DB5F-45E8-AFF5-5DF3030D164F}.AppStore|x86.Build.0 = Release|Any CPU
		{4F403547-DB5F-45E8-AFF5-5DF3030D164F}.AppStore|x86.Deploy.0 = Release|Any CPU
		{4F403547-DB5F-45E8-AFF5-5DF3030D164F}.Debug|Any CPU.ActiveCfg = Debug|Any CPU
		{4F403547-DB5F-45E8-AFF5-5DF3030D164F}.Debug|Any CPU.Build.0 = Debug|Any CPU
		{4F403547-DB5F-45E8-AFF5-5DF3030D164F}.Debug|Any CPU.Deploy.0 = Debug|Any CPU
		{4F403547-DB5F-45E8-AFF5-5DF3030D164F}.Debug|ARM.ActiveCfg = Debug|Any CPU
		{4F403547-DB5F-45E8-AFF5-5DF3030D164F}.Debug|ARM.Build.0 = Debug|Any CPU
		{4F403547-DB5F-45E8-AFF5-5DF3030D164F}.Debug|ARM.Deploy.0 = Debug|Any CPU
		{4F403547-DB5F-45E8-AFF5-5DF3030D164F}.Debug|iPhone.ActiveCfg = Debug|Any CPU
		{4F403547-DB5F-45E8-AFF5-5DF3030D164F}.Debug|iPhone.Build.0 = Debug|Any CPU
		{4F403547-DB5F-45E8-AFF5-5DF3030D164F}.Debug|iPhone.Deploy.0 = Debug|Any CPU
		{4F403547-DB5F-45E8-AFF5-5DF3030D164F}.Debug|iPhoneSimulator.ActiveCfg = Debug|Any CPU
		{4F403547-DB5F-45E8-AFF5-5DF3030D164F}.Debug|iPhoneSimulator.Build.0 = Debug|Any CPU
		{4F403547-DB5F-45E8-AFF5-5DF3030D164F}.Debug|iPhoneSimulator.Deploy.0 = Debug|Any CPU
		{4F403547-DB5F-45E8-AFF5-5DF3030D164F}.Debug|x64.ActiveCfg = Debug|Any CPU
		{4F403547-DB5F-45E8-AFF5-5DF3030D164F}.Debug|x64.Build.0 = Debug|Any CPU
		{4F403547-DB5F-45E8-AFF5-5DF3030D164F}.Debug|x64.Deploy.0 = Debug|Any CPU
		{4F403547-DB5F-45E8-AFF5-5DF3030D164F}.Debug|x86.ActiveCfg = Debug|Any CPU
		{4F403547-DB5F-45E8-AFF5-5DF3030D164F}.Debug|x86.Build.0 = Debug|Any CPU
		{4F403547-DB5F-45E8-AFF5-5DF3030D164F}.Debug|x86.Deploy.0 = Debug|Any CPU
		{4F403547-DB5F-45E8-AFF5-5DF3030D164F}.Release|Any CPU.ActiveCfg = Release|Any CPU
		{4F403547-DB5F-45E8-AFF5-5DF3030D164F}.Release|Any CPU.Build.0 = Release|Any CPU
		{4F403547-DB5F-45E8-AFF5-5DF3030D164F}.Release|Any CPU.Deploy.0 = Release|Any CPU
		{4F403547-DB5F-45E8-AFF5-5DF3030D164F}.Release|ARM.ActiveCfg = Release|Any CPU
		{4F403547-DB5F-45E8-AFF5-5DF3030D164F}.Release|ARM.Build.0 = Release|Any CPU
		{4F403547-DB5F-45E8-AFF5-5DF3030D164F}.Release|ARM.Deploy.0 = Release|Any CPU
		{4F403547-DB5F-45E8-AFF5-5DF3030D164F}.Release|iPhone.ActiveCfg = Release|Any CPU
		{4F403547-DB5F-45E8-AFF5-5DF3030D164F}.Release|iPhone.Build.0 = Release|Any CPU
		{4F403547-DB5F-45E8-AFF5-5DF3030D164F}.Release|iPhone.Deploy.0 = Release|Any CPU
		{4F403547-DB5F-45E8-AFF5-5DF3030D164F}.Release|iPhoneSimulator.ActiveCfg = Release|Any CPU
		{4F403547-DB5F-45E8-AFF5-5DF3030D164F}.Release|iPhoneSimulator.Build.0 = Release|Any CPU
		{4F403547-DB5F-45E8-AFF5-5DF3030D164F}.Release|iPhoneSimulator.Deploy.0 = Release|Any CPU
		{4F403547-DB5F-45E8-AFF5-5DF3030D164F}.Release|x64.ActiveCfg = Release|Any CPU
		{4F403547-DB5F-45E8-AFF5-5DF3030D164F}.Release|x64.Build.0 = Release|Any CPU
		{4F403547-DB5F-45E8-AFF5-5DF3030D164F}.Release|x64.Deploy.0 = Release|Any CPU
		{4F403547-DB5F-45E8-AFF5-5DF3030D164F}.Release|x86.ActiveCfg = Release|Any CPU
		{4F403547-DB5F-45E8-AFF5-5DF3030D164F}.Release|x86.Build.0 = Release|Any CPU
		{4F403547-DB5F-45E8-AFF5-5DF3030D164F}.Release|x86.Deploy.0 = Release|Any CPU
		{8F0484BB-BE20-49E6-9E8B-30461B35B4CE}.Ad-Hoc|Any CPU.ActiveCfg = Release|iPhone
		{8F0484BB-BE20-49E6-9E8B-30461B35B4CE}.Ad-Hoc|Any CPU.Build.0 = Release|iPhone
		{8F0484BB-BE20-49E6-9E8B-30461B35B4CE}.Ad-Hoc|ARM.ActiveCfg = Release|iPhone
		{8F0484BB-BE20-49E6-9E8B-30461B35B4CE}.Ad-Hoc|ARM.Build.0 = Release|iPhone
		{8F0484BB-BE20-49E6-9E8B-30461B35B4CE}.Ad-Hoc|iPhone.ActiveCfg = Release|iPhone
		{8F0484BB-BE20-49E6-9E8B-30461B35B4CE}.Ad-Hoc|iPhone.Build.0 = Release|iPhone
		{8F0484BB-BE20-49E6-9E8B-30461B35B4CE}.Ad-Hoc|iPhoneSimulator.ActiveCfg = Release|iPhoneSimulator
		{8F0484BB-BE20-49E6-9E8B-30461B35B4CE}.Ad-Hoc|iPhoneSimulator.Build.0 = Release|iPhoneSimulator
		{8F0484BB-BE20-49E6-9E8B-30461B35B4CE}.Ad-Hoc|x64.ActiveCfg = Release|iPhone
		{8F0484BB-BE20-49E6-9E8B-30461B35B4CE}.Ad-Hoc|x64.Build.0 = Release|iPhone
		{8F0484BB-BE20-49E6-9E8B-30461B35B4CE}.Ad-Hoc|x86.ActiveCfg = Release|iPhone
		{8F0484BB-BE20-49E6-9E8B-30461B35B4CE}.Ad-Hoc|x86.Build.0 = Release|iPhone
		{8F0484BB-BE20-49E6-9E8B-30461B35B4CE}.AppStore|Any CPU.ActiveCfg = Release|iPhone
		{8F0484BB-BE20-49E6-9E8B-30461B35B4CE}.AppStore|Any CPU.Build.0 = Release|iPhone
		{8F0484BB-BE20-49E6-9E8B-30461B35B4CE}.AppStore|ARM.ActiveCfg = Release|iPhone
		{8F0484BB-BE20-49E6-9E8B-30461B35B4CE}.AppStore|ARM.Build.0 = Release|iPhone
		{8F0484BB-BE20-49E6-9E8B-30461B35B4CE}.AppStore|iPhone.ActiveCfg = Release|iPhone
		{8F0484BB-BE20-49E6-9E8B-30461B35B4CE}.AppStore|iPhone.Build.0 = Release|iPhone
		{8F0484BB-BE20-49E6-9E8B-30461B35B4CE}.AppStore|iPhoneSimulator.ActiveCfg = Release|iPhoneSimulator
		{8F0484BB-BE20-49E6-9E8B-30461B35B4CE}.AppStore|iPhoneSimulator.Build.0 = Release|iPhoneSimulator
		{8F0484BB-BE20-49E6-9E8B-30461B35B4CE}.AppStore|x64.ActiveCfg = Release|iPhone
		{8F0484BB-BE20-49E6-9E8B-30461B35B4CE}.AppStore|x64.Build.0 = Release|iPhone
		{8F0484BB-BE20-49E6-9E8B-30461B35B4CE}.AppStore|x86.ActiveCfg = Release|iPhone
		{8F0484BB-BE20-49E6-9E8B-30461B35B4CE}.AppStore|x86.Build.0 = Release|iPhone
		{8F0484BB-BE20-49E6-9E8B-30461B35B4CE}.Debug|Any CPU.ActiveCfg = Debug|iPhone
		{8F0484BB-BE20-49E6-9E8B-30461B35B4CE}.Debug|ARM.ActiveCfg = Debug|iPhone
		{8F0484BB-BE20-49E6-9E8B-30461B35B4CE}.Debug|iPhone.ActiveCfg = Debug|iPhone
		{8F0484BB-BE20-49E6-9E8B-30461B35B4CE}.Debug|iPhone.Build.0 = Debug|iPhone
		{8F0484BB-BE20-49E6-9E8B-30461B35B4CE}.Debug|iPhoneSimulator.ActiveCfg = Debug|iPhoneSimulator
		{8F0484BB-BE20-49E6-9E8B-30461B35B4CE}.Debug|iPhoneSimulator.Build.0 = Debug|iPhoneSimulator
		{8F0484BB-BE20-49E6-9E8B-30461B35B4CE}.Debug|x64.ActiveCfg = Debug|iPhone
		{8F0484BB-BE20-49E6-9E8B-30461B35B4CE}.Debug|x86.ActiveCfg = Debug|iPhone
		{8F0484BB-BE20-49E6-9E8B-30461B35B4CE}.Release|Any CPU.ActiveCfg = Release|iPhone
		{8F0484BB-BE20-49E6-9E8B-30461B35B4CE}.Release|ARM.ActiveCfg = Release|iPhone
		{8F0484BB-BE20-49E6-9E8B-30461B35B4CE}.Release|iPhone.ActiveCfg = Release|iPhone
		{8F0484BB-BE20-49E6-9E8B-30461B35B4CE}.Release|iPhone.Build.0 = Release|iPhone
		{8F0484BB-BE20-49E6-9E8B-30461B35B4CE}.Release|iPhoneSimulator.ActiveCfg = Release|iPhoneSimulator
		{8F0484BB-BE20-49E6-9E8B-30461B35B4CE}.Release|iPhoneSimulator.Build.0 = Release|iPhoneSimulator
		{8F0484BB-BE20-49E6-9E8B-30461B35B4CE}.Release|x64.ActiveCfg = Release|iPhone
		{8F0484BB-BE20-49E6-9E8B-30461B35B4CE}.Release|x86.ActiveCfg = Release|iPhone
		{046D1CA5-D3BD-4426-9589-FCE929F4123E}.Ad-Hoc|Any CPU.ActiveCfg = Debug|Any CPU
		{046D1CA5-D3BD-4426-9589-FCE929F4123E}.Ad-Hoc|Any CPU.Build.0 = Debug|Any CPU
		{046D1CA5-D3BD-4426-9589-FCE929F4123E}.Ad-Hoc|ARM.ActiveCfg = Debug|Any CPU
		{046D1CA5-D3BD-4426-9589-FCE929F4123E}.Ad-Hoc|ARM.Build.0 = Debug|Any CPU
		{046D1CA5-D3BD-4426-9589-FCE929F4123E}.Ad-Hoc|iPhone.ActiveCfg = Debug|Any CPU
		{046D1CA5-D3BD-4426-9589-FCE929F4123E}.Ad-Hoc|iPhone.Build.0 = Debug|Any CPU
		{046D1CA5-D3BD-4426-9589-FCE929F4123E}.Ad-Hoc|iPhoneSimulator.ActiveCfg = Debug|Any CPU
		{046D1CA5-D3BD-4426-9589-FCE929F4123E}.Ad-Hoc|iPhoneSimulator.Build.0 = Debug|Any CPU
		{046D1CA5-D3BD-4426-9589-FCE929F4123E}.Ad-Hoc|x64.ActiveCfg = Debug|Any CPU
		{046D1CA5-D3BD-4426-9589-FCE929F4123E}.Ad-Hoc|x64.Build.0 = Debug|Any CPU
		{046D1CA5-D3BD-4426-9589-FCE929F4123E}.Ad-Hoc|x86.ActiveCfg = Debug|Any CPU
		{046D1CA5-D3BD-4426-9589-FCE929F4123E}.Ad-Hoc|x86.Build.0 = Debug|Any CPU
		{046D1CA5-D3BD-4426-9589-FCE929F4123E}.AppStore|Any CPU.ActiveCfg = Debug|Any CPU
		{046D1CA5-D3BD-4426-9589-FCE929F4123E}.AppStore|Any CPU.Build.0 = Debug|Any CPU
		{046D1CA5-D3BD-4426-9589-FCE929F4123E}.AppStore|ARM.ActiveCfg = Debug|Any CPU
		{046D1CA5-D3BD-4426-9589-FCE929F4123E}.AppStore|ARM.Build.0 = Debug|Any CPU
		{046D1CA5-D3BD-4426-9589-FCE929F4123E}.AppStore|iPhone.ActiveCfg = Debug|Any CPU
		{046D1CA5-D3BD-4426-9589-FCE929F4123E}.AppStore|iPhone.Build.0 = Debug|Any CPU
		{046D1CA5-D3BD-4426-9589-FCE929F4123E}.AppStore|iPhoneSimulator.ActiveCfg = Debug|Any CPU
		{046D1CA5-D3BD-4426-9589-FCE929F4123E}.AppStore|iPhoneSimulator.Build.0 = Debug|Any CPU
		{046D1CA5-D3BD-4426-9589-FCE929F4123E}.AppStore|x64.ActiveCfg = Debug|Any CPU
		{046D1CA5-D3BD-4426-9589-FCE929F4123E}.AppStore|x64.Build.0 = Debug|Any CPU
		{046D1CA5-D3BD-4426-9589-FCE929F4123E}.AppStore|x86.ActiveCfg = Debug|Any CPU
		{046D1CA5-D3BD-4426-9589-FCE929F4123E}.AppStore|x86.Build.0 = Debug|Any CPU
		{046D1CA5-D3BD-4426-9589-FCE929F4123E}.Debug|Any CPU.ActiveCfg = Debug|Any CPU
		{046D1CA5-D3BD-4426-9589-FCE929F4123E}.Debug|Any CPU.Build.0 = Debug|Any CPU
		{046D1CA5-D3BD-4426-9589-FCE929F4123E}.Debug|ARM.ActiveCfg = Debug|Any CPU
		{046D1CA5-D3BD-4426-9589-FCE929F4123E}.Debug|ARM.Build.0 = Debug|Any CPU
		{046D1CA5-D3BD-4426-9589-FCE929F4123E}.Debug|iPhone.ActiveCfg = Debug|Any CPU
		{046D1CA5-D3BD-4426-9589-FCE929F4123E}.Debug|iPhone.Build.0 = Debug|Any CPU
		{046D1CA5-D3BD-4426-9589-FCE929F4123E}.Debug|iPhoneSimulator.ActiveCfg = Debug|Any CPU
		{046D1CA5-D3BD-4426-9589-FCE929F4123E}.Debug|iPhoneSimulator.Build.0 = Debug|Any CPU
		{046D1CA5-D3BD-4426-9589-FCE929F4123E}.Debug|x64.ActiveCfg = Debug|Any CPU
		{046D1CA5-D3BD-4426-9589-FCE929F4123E}.Debug|x64.Build.0 = Debug|Any CPU
		{046D1CA5-D3BD-4426-9589-FCE929F4123E}.Debug|x86.ActiveCfg = Debug|Any CPU
		{046D1CA5-D3BD-4426-9589-FCE929F4123E}.Debug|x86.Build.0 = Debug|Any CPU
		{046D1CA5-D3BD-4426-9589-FCE929F4123E}.Release|Any CPU.ActiveCfg = Release|Any CPU
		{046D1CA5-D3BD-4426-9589-FCE929F4123E}.Release|Any CPU.Build.0 = Release|Any CPU
		{046D1CA5-D3BD-4426-9589-FCE929F4123E}.Release|ARM.ActiveCfg = Release|Any CPU
		{046D1CA5-D3BD-4426-9589-FCE929F4123E}.Release|ARM.Build.0 = Release|Any CPU
		{046D1CA5-D3BD-4426-9589-FCE929F4123E}.Release|iPhone.ActiveCfg = Release|Any CPU
		{046D1CA5-D3BD-4426-9589-FCE929F4123E}.Release|iPhone.Build.0 = Release|Any CPU
		{046D1CA5-D3BD-4426-9589-FCE929F4123E}.Release|iPhoneSimulator.ActiveCfg = Release|Any CPU
		{046D1CA5-D3BD-4426-9589-FCE929F4123E}.Release|iPhoneSimulator.Build.0 = Release|Any CPU
		{046D1CA5-D3BD-4426-9589-FCE929F4123E}.Release|x64.ActiveCfg = Release|Any CPU
		{046D1CA5-D3BD-4426-9589-FCE929F4123E}.Release|x64.Build.0 = Release|Any CPU
		{046D1CA5-D3BD-4426-9589-FCE929F4123E}.Release|x86.ActiveCfg = Release|Any CPU
		{046D1CA5-D3BD-4426-9589-FCE929F4123E}.Release|x86.Build.0 = Release|Any CPU
	EndGlobalSection
	GlobalSection(SolutionProperties) = preSolution
		HideSolutionNode = FALSE
	EndGlobalSection
	GlobalSection(ExtensibilityGlobals) = postSolution
		SolutionGuid = {AB46BB5F-5F82-45CD-BE78-0A9D1C54127C}
	EndGlobalSection
EndGlobal
